lockfileVersion: '6.0'

settings:
  autoInstallPeers: true
  excludeLinksFromLockfile: false

devDependencies:
  '@types/aws-lambda':
    specifier: 8.10.119
    version: 8.10.119

packages:

  /@types/aws-lambda@8.10.119:
    resolution: {integrity: sha512-Vqm22aZrCvCd6I5g1SvpW151jfqwTzEZ7XJ3yZ6xaZG31nUEOEyzzVImjRcsN8Wi/QyPxId/x8GTtgIbsy8kEw==}
    dev: true
